
Microsoft Visual Studio Solution File, Format Version 12.00
# Visual Studio Version 17
VisualStudioVersion = 17.11.35312.102
MinimumVisualStudioVersion = 10.0.40219.1
Project("{8BC9CEB8-8B4A-11D0-8D11-00A0C91BC942}") = "Extraordinario_5", "Extraordinario_5\Extraordinario_5.vcxproj", "{C73B3539-51CD-4748-87D7-E07D8C4B51A7}"
EndProject
Global
	GlobalSection(SolutionConfigurationPlatforms) = preSolution
		Debug|x64 = Debug|x64
		Debug|x86 = Debug|x86
		Release|x64 = Release|x64
		Release|x86 = Release|x86
	EndGlobalSection
	GlobalSection(ProjectConfigurationPlatforms) = postSolution
		{C73B3539-51CD-4748-87D7-E07D8C4B51A7}.Debug|x64.ActiveCfg = Debug|x64
		{C73B3539-51CD-4748-87D7-E07D8C4B51A7}.Debug|x64.Build.0 = Debug|x64
		{C73B3539-51CD-4748-87D7-E07D8C4B51A7}.Debug|x86.ActiveCfg = Debug|Win32
		{C73B3539-51CD-4748-87D7-E07D8C4B51A7}.Debug|x86.Build.0 = Debug|Win32
		{C73B3539-51CD-4748-87D7-E07D8C4B51A7}.Release|x64.ActiveCfg = Release|x64
		{C73B3539-51CD-4748-87D7-E07D8C4B51A7}.Release|x64.Build.0 = Release|x64
		{C73B3539-51CD-4748-87D7-E07D8C4B51A7}.Release|x86.ActiveCfg = Release|Win32
		{C73B3539-51CD-4748-87D7-E07D8C4B51A7}.Release|x86.Build.0 = Release|Win32
	EndGlobalSection
	GlobalSection(SolutionProperties) = preSolution
		HideSolutionNode = FALSE
	EndGlobalSection
	GlobalSection(ExtensibilityGlobals) = postSolution
		SolutionGuid = {B446DCB4-5776-433D-ACC4-3256D7DB2568}
	EndGlobalSection
EndGlobal
