
Microsoft Visual Studio Solution File, Format Version 12.00
# Visual Studio Version 17
VisualStudioVersion = 17.11.35312.102
MinimumVisualStudioVersion = 10.0.40219.1
Project("{8BC9CEB8-8B4A-11D0-8D11-00A0C91BC942}") = "Extraordinario_19", "Extraordinario_19\Extraordinario_19.vcxproj", "{9B861A9C-8C15-409A-A7E4-86EE42ECD7E2}"
EndProject
Global
	GlobalSection(SolutionConfigurationPlatforms) = preSolution
		Debug|x64 = Debug|x64
		Debug|x86 = Debug|x86
		Release|x64 = Release|x64
		Release|x86 = Release|x86
	EndGlobalSection
	GlobalSection(ProjectConfigurationPlatforms) = postSolution
		{9B861A9C-8C15-409A-A7E4-86EE42ECD7E2}.Debug|x64.ActiveCfg = Debug|x64
		{9B861A9C-8C15-409A-A7E4-86EE42ECD7E2}.Debug|x64.Build.0 = Debug|x64
		{9B861A9C-8C15-409A-A7E4-86EE42ECD7E2}.Debug|x86.ActiveCfg = Debug|Win32
		{9B861A9C-8C15-409A-A7E4-86EE42ECD7E2}.Debug|x86.Build.0 = Debug|Win32
		{9B861A9C-8C15-409A-A7E4-86EE42ECD7E2}.Release|x64.ActiveCfg = Release|x64
		{9B861A9C-8C15-409A-A7E4-86EE42ECD7E2}.Release|x64.Build.0 = Release|x64
		{9B861A9C-8C15-409A-A7E4-86EE42ECD7E2}.Release|x86.ActiveCfg = Release|Win32
		{9B861A9C-8C15-409A-A7E4-86EE42ECD7E2}.Release|x86.Build.0 = Release|Win32
	EndGlobalSection
	GlobalSection(SolutionProperties) = preSolution
		HideSolutionNode = FALSE
	EndGlobalSection
	GlobalSection(ExtensibilityGlobals) = postSolution
		SolutionGuid = {0FE1FF4B-0DD2-4F36-B735-25602CF9462E}
	EndGlobalSection
EndGlobal
